// !$*UTF8*$!
{
	archiveVersion = 1;
	classes = {
	};
	objectVersion = 56;
	objects = {

/* Begin PBXBuildFile section */
		917FE63B2BF637F0003FF54C /* AppDelegate.swift in Sources */ = {isa = PBXBuildFile; fileRef = 917FE63A2BF637F0003FF54C /* AppDelegate.swift */; };
		917FE63D2BF637F0003FF54C /* SceneDelegate.swift in Sources */ = {isa = PBXBuildFile; fileRef = 917FE63C2BF637F0003FF54C /* SceneDelegate.swift */; };
		917FE63F2BF637F0003FF54C /* ViewController.swift in Sources */ = {isa = PBXBuildFile; fileRef = 917FE63E2BF637F0003FF54C /* ViewController.swift */; };
		917FE6422BF637F0003FF54C /* Base in Resources */ = {isa = PBXBuildFile; fileRef = 917FE6412BF637F0003FF54C /* Base */; };
		917FE6442BF637F2003FF54C /* Assets.xcassets in Resources */ = {isa = PBXBuildFile; fileRef = 917FE6432BF637F2003FF54C /* Assets.xcassets */; };
		917FE6472BF637F2003FF54C /* Base in Resources */ = {isa = PBXBuildFile; fileRef = 917FE6462BF637F2003FF54C /* Base */; };
		917FE6512BF64B5B003FF54C /* NEWHOTViewController.swift in Sources */ = {isa = PBXBuildFile; fileRef = 917FE6502BF64B5B003FF54C /* NEWHOTViewController.swift */; };
		917FE6552BF65937003FF54C /* MainViewController.swift in Sources */ = {isa = PBXBuildFile; fileRef = 917FE6542BF65937003FF54C /* MainViewController.swift */; };
		917FE6572BF65E20003FF54C /* SavedViewController.swift in Sources */ = {isa = PBXBuildFile; fileRef = 917FE6562BF65E20003FF54C /* SavedViewController.swift */; };
		917FE6592BF6626F003FF54C /* LoginViewController.swift in Sources */ = {isa = PBXBuildFile; fileRef = 917FE6582BF6626F003FF54C /* LoginViewController.swift */; };
/* End PBXBuildFile section */

/* Begin PBXFileReference section */
		917FE6372BF637F0003FF54C /* sesac_NetflxProject.app */ = {isa = PBXFileReference; explicitFileType = wrapper.application; includeInIndex = 0; path = sesac_NetflxProject.app; sourceTree = BUILT_PRODUCTS_DIR; };
		917FE63A2BF637F0003FF54C /* AppDelegate.swift */ = {isa = PBXFileReference; lastKnownFileType = sourcecode.swift; path = AppDelegate.swift; sourceTree = "<group>"; };
		917FE63C2BF637F0003FF54C /* SceneDelegate.swift */ = {isa = PBXFileReference; lastKnownFileType = sourcecode.swift; path = SceneDelegate.swift; sourceTree = "<group>"; };
		917FE63E2BF637F0003FF54C /* ViewController.swift */ = {isa = PBXFileReference; lastKnownFileType = sourcecode.swift; path = ViewController.swift; sourceTree = "<group>"; };
		917FE6412BF637F0003FF54C /* Base */ = {isa = PBXFileReference; lastKnownFileType = file.storyboard; name = Base; path = Base.lproj/Main.storyboard; sourceTree = "<group>"; };
		917FE6432BF637F2003FF54C /* Assets.xcassets */ = {isa = PBXFileReference; lastKnownFileType = folder.assetcatalog; path = Assets.xcassets; sourceTree = "<group>"; };
		917FE6462BF637F2003FF54C /* Base */ = {isa = PBXFileReference; lastKnownFileType = file.storyboard; name = Base; path = Base.lproj/LaunchScreen.storyboard; sourceTree = "<group>"; };
		917FE6482BF637F2003FF54C /* Info.plist */ = {isa = PBXFileReference; lastKnownFileType = text.plist.xml; path = Info.plist; sourceTree = "<group>"; };
		917FE6502BF64B5B003FF54C /* NEWHOTViewController.swift */ = {isa = PBXFileReference; lastKnownFileType = sourcecode.swift; path = NEWHOTViewController.swift; sourceTree = "<group>"; };
		917FE6542BF65937003FF54C /* MainViewController.swift */ = {isa = PBXFileReference; lastKnownFileType = sourcecode.swift; path = MainViewController.swift; sourceTree = "<group>"; };
		917FE6562BF65E20003FF54C /* SavedViewController.swift */ = {isa = PBXFileReference; lastKnownFileType = sourcecode.swift; path = SavedViewController.swift; sourceTree = "<group>"; };
		917FE6582BF6626F003FF54C /* LoginViewController.swift */ = {isa = PBXFileReference; lastKnownFileType = sourcecode.swift; path = LoginViewController.swift; sourceTree = "<group>"; };
/* End PBXFileReference section */

/* Begin PBXFrameworksBuildPhase section */
		917FE6342BF637F0003FF54C /* Frameworks */ = {
			isa = PBXFrameworksBuildPhase;
			buildActionMask = 2147483647;
			files = (
			);
			runOnlyForDeploymentPostprocessing = 0;
		};
/* End PBXFrameworksBuildPhase section */

/* Begin PBXGroup section */
		917FE62E2BF637F0003FF54C = {
			isa = PBXGroup;
			children = (
				917FE6392BF637F0003FF54C /* sesac_NetflxProject */,
				917FE6382BF637F0003FF54C /* Products */,
			);
			sourceTree = "<group>";
		};
		917FE6382BF637F0003FF54C /* Products */ = {
			isa = PBXGroup;
			children = (
				917FE6372BF637F0003FF54C /* sesac_NetflxProject.app */,
			);
			name = Products;
			sourceTree = "<group>";
		};
		917FE6392BF637F0003FF54C /* sesac_NetflxProject */ = {
			isa = PBXGroup;
			children = (
				917FE6582BF6626F003FF54C /* LoginViewController.swift */,
				917FE6542BF65937003FF54C /* MainViewController.swift */,
				917FE6502BF64B5B003FF54C /* NEWHOTViewController.swift */,
				917FE6562BF65E20003FF54C /* SavedViewController.swift */,
				917FE63A2BF637F0003FF54C /* AppDelegate.swift */,
				917FE63C2BF637F0003FF54C /* SceneDelegate.swift */,
				917FE63E2BF637F0003FF54C /* ViewController.swift */,
				917FE6402BF637F0003FF54C /* Main.storyboard */,
				917FE6432BF637F2003FF54C /* Assets.xcassets */,
				917FE6452BF637F2003FF54C /* LaunchScreen.storyboard */,
				917FE6482BF637F2003FF54C /* Info.plist */,
			);
			path = sesac_NetflxProject;
			sourceTree = "<group>";
		};
/* End PBXGroup section */

/* Begin PBXNativeTarget section */
		917FE6362BF637F0003FF54C /* sesac_NetflxProject */ = {
			isa = PBXNativeTarget;
			buildConfigurationList = 917FE64B2BF637F2003FF54C /* Build configuration list for PBXNativeTarget "sesac_NetflxProject" */;
			buildPhases = (
				917FE6332BF637F0003FF54C /* Sources */,
				917FE6342BF637F0003FF54C /* Frameworks */,
				917FE6352BF637F0003FF54C /* Resources */,
			);
			buildRules = (
			);
			dependencies = (
			);
			name = sesac_NetflxProject;
			productName = sesac_NetflxProject;
			productReference = 917FE6372BF637F0003FF54C /* sesac_NetflxProject.app */;
			productType = "com.apple.product-type.application";
		};
/* End PBXNativeTarget section */

/* Begin PBXProject section */
		917FE62F2BF637F0003FF54C /* Project object */ = {
			isa = PBXProject;
			attributes = {
				BuildIndependentTargetsInParallel = 1;
				LastSwiftUpdateCheck = 1530;
				LastUpgradeCheck = 1530;
				TargetAttributes = {
					917FE6362BF637F0003FF54C = {
						CreatedOnToolsVersion = 15.3;
					};
				};
			};
			buildConfigurationList = 917FE6322BF637F0003FF54C /* Build configuration list for PBXProject "sesac_NetflxProject" */;
			compatibilityVersion = "Xcode 14.0";
			developmentRegion = en;
			hasScannedForEncodings = 0;
			knownRegions = (
				en,
				Base,
			);
			mainGroup = 917FE62E2BF637F0003FF54C;
			productRefGroup = 917FE6382BF637F0003FF54C /* Products */;
			projectDirPath = "";
			projectRoot = "";
			targets = (
				917FE6362BF637F0003FF54C /* sesac_NetflxProject */,
			);
		};
/* End PBXProject section */

/* Begin PBXResourcesBuildPhase section */
		917FE6352BF637F0003FF54C /* Resources */ = {
			isa = PBXResourcesBuildPhase;
			buildActionMask = 2147483647;
			files = (
				917FE6442BF637F2003FF54C /* Assets.xcassets in Resources */,
				917FE6472BF637F2003FF54C /* Base in Resources */,
				917FE6422BF637F0003FF54C /* Base in Resources */,
			);
			runOnlyForDeploymentPostprocessing = 0;
		};
/* End PBXResourcesBuildPhase section */

/* Begin PBXSourcesBuildPhase section */
		917FE6332BF637F0003FF54C /* Sources */ = {
			isa = PBXSourcesBuildPhase;
			buildActionMask = 2147483647;
			files = (
				917FE6592BF6626F003FF54C /* LoginViewController.swift in Sources */,
				917FE6572BF65E20003FF54C /* SavedViewController.swift in Sources */,
				917FE63F2BF637F0003FF54C /* ViewController.swift in Sources */,
				917FE6512BF64B5B003FF54C /* NEWHOTViewController.swift in Sources */,
				917FE63B2BF637F0003FF54C /* AppDelegate.swift in Sources */,
				917FE63D2BF637F0003FF54C /* SceneDelegate.swift in Sources */,
				917FE6552BF65937003FF54C /* MainViewController.swift in Sources */,
			);
			runOnlyForDeploymentPostprocessing = 0;
		};
/* End PBXSourcesBuildPhase section */

/* Begin PBXVariantGroup section */
		917FE6402BF637F0003FF54C /* Main.storyboard */ = {
			isa = PBXVariantGroup;
			children = (
				917FE6412BF637F0003FF54C /* Base */,
			);
			name = Main.storyboard;
			sourceTree = "<group>";
		};
		917FE6452BF637F2003FF54C /* LaunchScreen.storyboard */ = {
			isa = PBXVariantGroup;
			children = (
				917FE6462BF637F2003FF54C /* Base */,
			);
			name = LaunchScreen.storyboard;
			sourceTree = "<group>";
		};
/* End PBXVariantGroup section */

/* Begin XCBuildConfiguration section */
		917FE6492BF637F2003FF54C /* Debug */ = {
			isa = XCBuildConfiguration;
			buildSettings = {
				ALWAYS_SEARCH_USER_PATHS = NO;
				ASSETCATALOG_COMPILER_GENERATE_SWIFT_ASSET_SYMBOL_EXTENSIONS = YES;
				CLANG_ANALYZER_NONNULL = YES;
				CLANG_ANALYZER_NUMBER_OBJECT_CONVERSION = YES_AGGRESSIVE;
				CLANG_CXX_LANGUAGE_STANDARD = "gnu++20";
				CLANG_ENABLE_MODULES = YES;
				CLANG_ENABLE_OBJC_ARC = YES;
				CLANG_ENABLE_OBJC_WEAK = YES;
				CLANG_WARN_BLOCK_CAPTURE_AUTORELEASING = YES;
				CLANG_WARN_BOOL_CONVERSION = YES;
				CLANG_WARN_COMMA = YES;
				CLANG_WARN_CONSTANT_CONVERSION = YES;
				CLANG_WARN_DEPRECATED_OBJC_IMPLEMENTATIONS = YES;
				CLANG_WARN_DIRECT_OBJC_ISA_USAGE = YES_ERROR;
				CLANG_WARN_DOCUMENTATION_COMMENTS = YES;
				CLANG_WARN_EMPTY_BODY = YES;
				CLANG_WARN_ENUM_CONVERSION = YES;
				CLANG_WARN_INFINITE_RECURSION = YES;
				CLANG_WARN_INT_CONVERSION = YES;
				CLANG_WARN_NON_LITERAL_NULL_CONVERSION = YES;
				CLANG_WARN_OBJC_IMPLICIT_RETAIN_SELF = YES;
				CLANG_WARN_OBJC_LITERAL_CONVERSION = YES;
				CLANG_WARN_OBJC_ROOT_CLASS = YES_ERROR;
				CLANG_WARN_QUOTED_INCLUDE_IN_FRAMEWORK_HEADER = YES;
				CLANG_WARN_RANGE_LOOP_ANALYSIS = YES;
				CLANG_WARN_STRICT_PROTOTYPES = YES;
				CLANG_WARN_SUSPICIOUS_MOVE = YES;
				CLANG_WARN_UNGUARDED_AVAILABILITY = YES_AGGRESSIVE;
				CLANG_WARN_UNREACHABLE_CODE = YES;
				CLANG_WARN__DUPLICATE_METHOD_MATCH = YES;
				COPY_PHASE_STRIP = NO;
				DEBUG_INFORMATION_FORMAT = dwarf;
				ENABLE_STRICT_OBJC_MSGSEND = YES;
				ENABLE_TESTABILITY = YES;
				ENABLE_USER_SCRIPT_SANDBOXING = YES;
				GCC_C_LANGUAGE_STANDARD = gnu17;
				GCC_DYNAMIC_NO_PIC = NO;
				GCC_NO_COMMON_BLOCKS = YES;
				GCC_OPTIMIZATION_LEVEL = 0;
				GCC_PREPROCESSOR_DEFINITIONS = (
					"DEBUG=1",
					"$(inherited)",
				);
				GCC_WARN_64_TO_32_BIT_CONVERSION = YES;
				GCC_WARN_ABOUT_RETURN_TYPE = YES_ERROR;
				GCC_WARN_UNDECLARED_SELECTOR = YES;
				GCC_WARN_UNINITIALIZED_AUTOS = YES_AGGRESSIVE;
				GCC_WARN_UNUSED_FUNCTION = YES;
				GCC_WARN_UNUSED_VARIABLE = YES;
				IPHONEOS_DEPLOYMENT_TARGET = 17.4;
				LOCALIZATION_PREFERS_STRING_CATALOGS = YES;
				MTL_ENABLE_DEBUG_INFO = INCLUDE_SOURCE;
				MTL_FAST_MATH = YES;
				ONLY_ACTIVE_ARCH = YES;
				SDKROOT = iphoneos;
				SWIFT_ACTIVE_COMPILATION_CONDITIONS = "DEBUG $(inherited)";
				SWIFT_OPTIMIZATION_LEVEL = "-Onone";
			};
			name = Debug;
		};
		917FE64A2BF637F2003FF54C /* Release */ = {
			isa = XCBuildConfiguration;
			buildSettings = {
				ALWAYS_SEARCH_USER_PATHS = NO;
				ASSETCATALOG_COMPILER_GENERATE_SWIFT_ASSET_SYMBOL_EXTENSIONS = YES;
				CLANG_ANALYZER_NONNULL = YES;
				CLANG_ANALYZER_NUMBER_OBJECT_CONVERSION = YES_AGGRESSIVE;
				CLANG_CXX_LANGUAGE_STANDARD = "gnu++20";
				CLANG_ENABLE_MODULES = YES;
				CLANG_ENABLE_OBJC_ARC = YES;
				CLANG_ENABLE_OBJC_WEAK = YES;
				CLANG_WARN_BLOCK_CAPTURE_AUTORELEASING = YES;
				CLANG_WARN_BOOL_CONVERSION = YES;
				CLANG_WARN_COMMA = YES;
				CLANG_WARN_CONSTANT_CONVERSION = YES;
				CLANG_WARN_DEPRECATED_OBJC_IMPLEMENTATIONS = YES;
				CLANG_WARN_DIRECT_OBJC_ISA_USAGE = YES_ERROR;
				CLANG_WARN_DOCUMENTATION_COMMENTS = YES;
				CLANG_WARN_EMPTY_BODY = YES;
				CLANG_WARN_ENUM_CONVERSION = YES;
				CLANG_WARN_INFINITE_RECURSION = YES;
				CLANG_WARN_INT_CONVERSION = YES;
				CLANG_WARN_NON_LITERAL_NULL_CONVERSION = YES;
				CLANG_WARN_OBJC_IMPLICIT_RETAIN_SELF = YES;
				CLANG_WARN_OBJC_LITERAL_CONVERSION = YES;
				CLANG_WARN_OBJC_ROOT_CLASS = YES_ERROR;
				CLANG_WARN_QUOTED_INCLUDE_IN_FRAMEWORK_HEADER = YES;
				CLANG_WARN_RANGE_LOOP_ANALYSIS = YES;
				CLANG_WARN_STRICT_PROTOTYPES = YES;
				CLANG_WARN_SUSPICIOUS_MOVE = YES;
				CLANG_WARN_UNGUARDED_AVAILABILITY = YES_AGGRESSIVE;
				CLANG_WARN_UNREACHABLE_CODE = YES;
				CLANG_WARN__DUPLICATE_METHOD_MATCH = YES;
				COPY_PHASE_STRIP = NO;
				DEBUG_INFORMATION_FORMAT = "dwarf-with-dsym";
				ENABLE_NS_ASSERTIONS = NO;
				ENABLE_STRICT_OBJC_MSGSEND = YES;
				ENABLE_USER_SCRIPT_SANDBOXING = YES;
				GCC_C_LANGUAGE_STANDARD = gnu17;
				GCC_NO_COMMON_BLOCKS = YES;
				GCC_WARN_64_TO_32_BIT_CONVERSION = YES;
				GCC_WARN_ABOUT_RETURN_TYPE = YES_ERROR;
				GCC_WARN_UNDECLARED_SELECTOR = YES;
				GCC_WARN_UNINITIALIZED_AUTOS = YES_AGGRESSIVE;
				GCC_WARN_UNUSED_FUNCTION = YES;
				GCC_WARN_UNUSED_VARIABLE = YES;
				IPHONEOS_DEPLOYMENT_TARGET = 17.4;
				LOCALIZATION_PREFERS_STRING_CATALOGS = YES;
				MTL_ENABLE_DEBUG_INFO = NO;
				MTL_FAST_MATH = YES;
				SDKROOT = iphoneos;
				SWIFT_COMPILATION_MODE = wholemodule;
				VALIDATE_PRODUCT = YES;
			};
			name = Release;
		};
		917FE64C2BF637F2003FF54C /* Debug */ = {
			isa = XCBuildConfiguration;
			buildSettings = {
				ASSETCATALOG_COMPILER_APPICON_NAME = AppIcon;
				ASSETCATALOG_COMPILER_GLOBAL_ACCENT_COLOR_NAME = AccentColor;
				CODE_SIGN_STYLE = Automatic;
				CURRENT_PROJECT_VERSION = 1;
				GENERATE_INFOPLIST_FILE = YES;
				INFOPLIST_FILE = sesac_NetflxProject/Info.plist;
				INFOPLIST_KEY_UIApplicationSupportsIndirectInputEvents = YES;
				INFOPLIST_KEY_UILaunchStoryboardName = LaunchScreen;
				INFOPLIST_KEY_UIMainStoryboardFile = Main;
				INFOPLIST_KEY_UISupportedInterfaceOrientations_iPad = "UIInterfaceOrientationPortrait UIInterfaceOrientationPortraitUpsideDown UIInterfaceOrientationLandscapeLeft UIInterfaceOrientationLandscapeRight";
				INFOPLIST_KEY_UISupportedInterfaceOrientations_iPhone = "UIInterfaceOrientationPortrait UIInterfaceOrientationLandscapeLeft UIInterfaceOrientationLandscapeRight";
				IPHONEOS_DEPLOYMENT_TARGET = 16.0;
				LD_RUNPATH_SEARCH_PATHS = (
					"$(inherited)",
					"@executable_path/Frameworks",
				);
				MARKETING_VERSION = 1.0;
				PRODUCT_BUNDLE_IDENTIFIER = "come.sesac.NetflixProject.sesac-NetflxProject";
				PRODUCT_NAME = "$(TARGET_NAME)";
				SUPPORTED_PLATFORMS = "iphoneos iphonesimulator";
				SUPPORTS_MACCATALYST = NO;
				SUPPORTS_MAC_DESIGNED_FOR_IPHONE_IPAD = NO;
				SUPPORTS_XR_DESIGNED_FOR_IPHONE_IPAD = NO;
				SWIFT_EMIT_LOC_STRINGS = YES;
				SWIFT_VERSION = 5.0;
				TARGETED_DEVICE_FAMILY = 1;
			};
			name = Debug;
		};
		917FE64D2BF637F2003FF54C /* Release */ = {
			isa = XCBuildConfiguration;
			buildSettings = {
				ASSETCATALOG_COMPILER_APPICON_NAME = AppIcon;
				ASSETCATALOG_COMPILER_GLOBAL_ACCENT_COLOR_NAME = AccentColor;
				CODE_SIGN_STYLE = Automatic;
				CURRENT_PROJECT_VERSION = 1;
				GENERATE_INFOPLIST_FILE = YES;
				INFOPLIST_FILE = sesac_NetflxProject/Info.plist;
				INFOPLIST_KEY_UIApplicationSupportsIndirectInputEvents = YES;
				INFOPLIST_KEY_UILaunchStoryboardName = LaunchScreen;
				INFOPLIST_KEY_UIMainStoryboardFile = Main;
				INFOPLIST_KEY_UISupportedInterfaceOrientations_iPad = "UIInterfaceOrientationPortrait UIInterfaceOrientationPortraitUpsideDown UIInterfaceOrientationLandscapeLeft UIInterfaceOrientationLandscapeRight";
				INFOPLIST_KEY_UISupportedInterfaceOrientations_iPhone = "UIInterfaceOrientationPortrait UIInterfaceOrientationLandscapeLeft UIInterfaceOrientationLandscapeRight";
				IPHONEOS_DEPLOYMENT_TARGET = 16.0;
				LD_RUNPATH_SEARCH_PATHS = (
					"$(inherited)",
					"@executable_path/Frameworks",
				);
				MARKETING_VERSION = 1.0;
				PRODUCT_BUNDLE_IDENTIFIER = "come.sesac.NetflixProject.sesac-NetflxProject";
				PRODUCT_NAME = "$(TARGET_NAME)";
				SUPPORTED_PLATFORMS = "iphoneos iphonesimulator";
				SUPPORTS_MACCATALYST = NO;
				SUPPORTS_MAC_DESIGNED_FOR_IPHONE_IPAD = NO;
				SUPPORTS_XR_DESIGNED_FOR_IPHONE_IPAD = NO;
				SWIFT_EMIT_LOC_STRINGS = YES;
				SWIFT_VERSION = 5.0;
				TARGETED_DEVICE_FAMILY = 1;
			};
			name = Release;
		};
/* End XCBuildConfiguration section */

/* Begin XCConfigurationList section */
		917FE6322BF637F0003FF54C /* Build configuration list for PBXProject "sesac_NetflxProject" */ = {
			isa = XCConfigurationList;
			buildConfigurations = (
				917FE6492BF637F2003FF54C /* Debug */,
				917FE64A2BF637F2003FF54C /* Release */,
			);
			defaultConfigurationIsVisible = 0;
			defaultConfigurationName = Release;
		};
		917FE64B2BF637F2003FF54C /* Build configuration list for PBXNativeTarget "sesac_NetflxProject" */ = {
			isa = XCConfigurationList;
			buildConfigurations = (
				917FE64C2BF637F2003FF54C /* Debug */,
				917FE64D2BF637F2003FF54C /* Release */,
			);
			defaultConfigurationIsVisible = 0;
			defaultConfigurationName = Release;
		};
/* End XCConfigurationList section */
	};
	rootObject = 917FE62F2BF637F0003FF54C /* Project object */;
}
